// !$*UTF8*$!
{
	archiveVersion = 1;
	classes = {
	};
	objectVersion = 50;
	objects = {

/* Begin PBXBuildFile section */
		FA16920021CC965000DFF00B /* ALTableComplexSectionController.h in Headers */ = {isa = PBXBuildFile; fileRef = FA1691FE21CC965000DFF00B /* ALTableComplexSectionController.h */; settings = {ATTRIBUTES = (Public, ); }; };
		FA16920121CC965000DFF00B /* ALTableComplexSectionController.m in Sources */ = {isa = PBXBuildFile; fileRef = FA1691FF21CC965000DFF00B /* ALTableComplexSectionController.m */; };
		FA16920421CC965C00DFF00B /* ALTableSectionProvider.h in Headers */ = {isa = PBXBuildFile; fileRef = FA16920221CC965C00DFF00B /* ALTableSectionProvider.h */; settings = {ATTRIBUTES = (Public, ); }; };
		FA16920521CC965C00DFF00B /* ALTableSectionProvider.m in Sources */ = {isa = PBXBuildFile; fileRef = FA16920321CC965C00DFF00B /* ALTableSectionProvider.m */; };
		FA77B391223F7CFA006958AB /* ALTablePrivateContext.h in Headers */ = {isa = PBXBuildFile; fileRef = FA77B38F223F7CFA006958AB /* ALTablePrivateContext.h */; };
		FABA848221D08ECB00FAA314 /* ALTableKitTests.m in Sources */ = {isa = PBXBuildFile; fileRef = FABA848121D08ECB00FAA314 /* ALTableKitTests.m */; };
		FABA848421D08ECB00FAA314 /* ALTableKit.framework in Frameworks */ = {isa = PBXBuildFile; fileRef = FACFC24821CA86EF003E35C7 /* ALTableKit.framework */; };
		FABC9AEA223BDE0C0046C168 /* ALTableSectionEdit.h in Headers */ = {isa = PBXBuildFile; fileRef = FABC9AE8223BDE0C0046C168 /* ALTableSectionEdit.h */; };
		FACFC27021CA87A8003E35C7 /* ALTableAdapter+HeightCache.h in Headers */ = {isa = PBXBuildFile; fileRef = FACFC25321CA87A7003E35C7 /* ALTableAdapter+HeightCache.h */; };
		FACFC27121CA87A8003E35C7 /* ALTableKit.h in Headers */ = {isa = PBXBuildFile; fileRef = FACFC25421CA87A7003E35C7 /* ALTableKit.h */; settings = {ATTRIBUTES = (Public, ); }; };
		FACFC27221CA87A8003E35C7 /* ALTableSectionController.m in Sources */ = {isa = PBXBuildFile; fileRef = FACFC25521CA87A7003E35C7 /* ALTableSectionController.m */; };
		FACFC27321CA87A8003E35C7 /* ALTableAdapterUpdater.h in Headers */ = {isa = PBXBuildFile; fileRef = FACFC25621CA87A7003E35C7 /* ALTableAdapterUpdater.h */; settings = {ATTRIBUTES = (Public, ); }; };
		FACFC27421CA87A8003E35C7 /* ALTableAdapter+HeightCache.m in Sources */ = {isa = PBXBuildFile; fileRef = FACFC25721CA87A7003E35C7 /* ALTableAdapter+HeightCache.m */; };
		FACFC27521CA87A8003E35C7 /* ALTableAdapterProxy.m in Sources */ = {isa = PBXBuildFile; fileRef = FACFC25821CA87A7003E35C7 /* ALTableAdapterProxy.m */; };
		FACFC27621CA87A8003E35C7 /* ALTableAdapter+ALTableContext.h in Headers */ = {isa = PBXBuildFile; fileRef = FACFC25921CA87A7003E35C7 /* ALTableAdapter+ALTableContext.h */; };
		FACFC27721CA87A8003E35C7 /* ALTableAdapter.m in Sources */ = {isa = PBXBuildFile; fileRef = FACFC25A21CA87A7003E35C7 /* ALTableAdapter.m */; };
		FACFC27821CA87A8003E35C7 /* ALTableDelegate.h in Headers */ = {isa = PBXBuildFile; fileRef = FACFC25B21CA87A7003E35C7 /* ALTableDelegate.h */; settings = {ATTRIBUTES = (Public, ); }; };
		FACFC27921CA87A8003E35C7 /* ALTableSectionMap.h in Headers */ = {isa = PBXBuildFile; fileRef = FACFC25C21CA87A7003E35C7 /* ALTableSectionMap.h */; };
		FACFC27A21CA87A8003E35C7 /* ALTableScrollDelegate.h in Headers */ = {isa = PBXBuildFile; fileRef = FACFC25D21CA87A7003E35C7 /* ALTableScrollDelegate.h */; settings = {ATTRIBUTES = (Public, ); }; };
		FACFC27B21CA87A8003E35C7 /* ALTableAdapterUpdater.m in Sources */ = {isa = PBXBuildFile; fileRef = FACFC25E21CA87A7003E35C7 /* ALTableAdapterUpdater.m */; };
		FACFC27C21CA87A8003E35C7 /* ALTableDisplayDelegate.h in Headers */ = {isa = PBXBuildFile; fileRef = FACFC25F21CA87A7003E35C7 /* ALTableDisplayDelegate.h */; settings = {ATTRIBUTES = (Public, ); }; };
		FACFC27D21CA87A8003E35C7 /* ALTableAssert.h in Headers */ = {isa = PBXBuildFile; fileRef = FACFC26021CA87A7003E35C7 /* ALTableAssert.h */; };
		FACFC27E21CA87A8003E35C7 /* ALTableAdapter+UITableView.m in Sources */ = {isa = PBXBuildFile; fileRef = FACFC26121CA87A7003E35C7 /* ALTableAdapter+UITableView.m */; };
		FACFC27F21CA87A8003E35C7 /* ALTableAdapter+UITableView.h in Headers */ = {isa = PBXBuildFile; fileRef = FACFC26221CA87A7003E35C7 /* ALTableAdapter+UITableView.h */; };
		FACFC28021CA87A8003E35C7 /* ALTableAdapter+ALTableContext.m in Sources */ = {isa = PBXBuildFile; fileRef = FACFC26321CA87A7003E35C7 /* ALTableAdapter+ALTableContext.m */; };
		FACFC28121CA87A8003E35C7 /* ALTableDisplayHandler.h in Headers */ = {isa = PBXBuildFile; fileRef = FACFC26421CA87A7003E35C7 /* ALTableDisplayHandler.h */; };
		FACFC28221CA87A8003E35C7 /* ALTableDataSource.h in Headers */ = {isa = PBXBuildFile; fileRef = FACFC26521CA87A7003E35C7 /* ALTableDataSource.h */; settings = {ATTRIBUTES = (Public, ); }; };
		FACFC28321CA87A8003E35C7 /* ALTableDiffable.h in Headers */ = {isa = PBXBuildFile; fileRef = FACFC26621CA87A7003E35C7 /* ALTableDiffable.h */; settings = {ATTRIBUTES = (Public, ); }; };
		FACFC28421CA87A8003E35C7 /* ALTableDisplayHandler.m in Sources */ = {isa = PBXBuildFile; fileRef = FACFC26721CA87A7003E35C7 /* ALTableDisplayHandler.m */; };
		FACFC28521CA87A8003E35C7 /* ALTableSectionMap.m in Sources */ = {isa = PBXBuildFile; fileRef = FACFC26821CA87A7003E35C7 /* ALTableSectionMap.m */; };
		FACFC28621CA87A8003E35C7 /* ALTableAdapter.h in Headers */ = {isa = PBXBuildFile; fileRef = FACFC26921CA87A7003E35C7 /* ALTableAdapter.h */; settings = {ATTRIBUTES = (Public, ); }; };
		FACFC28721CA87A8003E35C7 /* ALTableContext.h in Headers */ = {isa = PBXBuildFile; fileRef = FACFC26A21CA87A7003E35C7 /* ALTableContext.h */; settings = {ATTRIBUTES = (Public, ); }; };
		FACFC28821CA87A8003E35C7 /* ALTableAdapterProxy.h in Headers */ = {isa = PBXBuildFile; fileRef = FACFC26B21CA87A7003E35C7 /* ALTableAdapterProxy.h */; };
		FACFC28921CA87A8003E35C7 /* ALTableSectionController.h in Headers */ = {isa = PBXBuildFile; fileRef = FACFC26C21CA87A7003E35C7 /* ALTableSectionController.h */; settings = {ATTRIBUTES = (Public, ); }; };
		FACFC28A21CA87A8003E35C7 /* ALTableSectionControllerInternal.h in Headers */ = {isa = PBXBuildFile; fileRef = FACFC26E21CA87A8003E35C7 /* ALTableSectionControllerInternal.h */; };
		FACFC28B21CA87A8003E35C7 /* ALTableAdapterInternal.h in Headers */ = {isa = PBXBuildFile; fileRef = FACFC26F21CA87A8003E35C7 /* ALTableAdapterInternal.h */; };
		FAD3CACE21CD507500119921 /* ALTableSectionProviderInternal.h in Headers */ = {isa = PBXBuildFile; fileRef = FAD3CACC21CD507500119921 /* ALTableSectionProviderInternal.h */; };
		FAD3CB0A21CD538700119921 /* ALTableHeaderFooterViewSource.h in Headers */ = {isa = PBXBuildFile; fileRef = FAD3CB0821CD538700119921 /* ALTableHeaderFooterViewSource.h */; settings = {ATTRIBUTES = (Public, ); }; };
		FAD65E5F21CC9E88003B6951 /* ALTableComplexSectionControllerInternal.h in Headers */ = {isa = PBXBuildFile; fileRef = FAD65E5D21CC9E88003B6951 /* ALTableComplexSectionControllerInternal.h */; };
		FAD65E6321CCD15E003B6951 /* ALTableComplexSectionControllerIndexMap.h in Headers */ = {isa = PBXBuildFile; fileRef = FAD65E6121CCD15E003B6951 /* ALTableComplexSectionControllerIndexMap.h */; };
		FAD65E6421CCD15E003B6951 /* ALTableComplexSectionControllerIndexMap.mm in Sources */ = {isa = PBXBuildFile; fileRef = FAD65E6221CCD15E003B6951 /* ALTableComplexSectionControllerIndexMap.mm */; };
		FAD65E6721CCD95C003B6951 /* ALTableComplexSectionController+PrivateMethods.h in Headers */ = {isa = PBXBuildFile; fileRef = FAD65E6521CCD95C003B6951 /* ALTableComplexSectionController+PrivateMethods.h */; };
		FAD65E6821CCD95C003B6951 /* ALTableComplexSectionController+PrivateMethods.m in Sources */ = {isa = PBXBuildFile; fileRef = FAD65E6621CCD95C003B6951 /* ALTableComplexSectionController+PrivateMethods.m */; };
		FAD65E6B21CCDB0F003B6951 /* ALTableSectionController+PrivateMethods.h in Headers */ = {isa = PBXBuildFile; fileRef = FAD65E6921CCDB0F003B6951 /* ALTableSectionController+PrivateMethods.h */; };
		FAD65E6C21CCDB0F003B6951 /* ALTableSectionController+PrivateMethods.m in Sources */ = {isa = PBXBuildFile; fileRef = FAD65E6A21CCDB0F003B6951 /* ALTableSectionController+PrivateMethods.m */; };
/* End PBXBuildFile section */

/* Begin PBXContainerItemProxy section */
		FABA848521D08ECB00FAA314 /* PBXContainerItemProxy */ = {
			isa = PBXContainerItemProxy;
			containerPortal = FACFC23F21CA86EF003E35C7 /* Project object */;
			proxyType = 1;
			remoteGlobalIDString = FACFC24721CA86EF003E35C7;
			remoteInfo = ALTableKit;
		};
/* End PBXContainerItemProxy section */

/* Begin PBXFileReference section */
		1EA50DF0B1AA60420247EAF6 /* Pods_ALTableKitTests.framework */ = {isa = PBXFileReference; explicitFileType = wrapper.framework; includeInIndex = 0; path = Pods_ALTableKitTests.framework; sourceTree = BUILT_PRODUCTS_DIR; };
		2D8BF01BA5CD0C5AED14F1D9 /* Pods-ALTableKitTests.debug.xcconfig */ = {isa = PBXFileReference; includeInIndex = 1; lastKnownFileType = text.xcconfig; name = "Pods-ALTableKitTests.debug.xcconfig"; path = "Pods/Target Support Files/Pods-ALTableKitTests/Pods-ALTableKitTests.debug.xcconfig"; sourceTree = "<group>"; };
		5D597FD3845D0FE3A93867E7 /* Pods-ALTableKitTests.release.xcconfig */ = {isa = PBXFileReference; includeInIndex = 1; lastKnownFileType = text.xcconfig; name = "Pods-ALTableKitTests.release.xcconfig"; path = "Pods/Target Support Files/Pods-ALTableKitTests/Pods-ALTableKitTests.release.xcconfig"; sourceTree = "<group>"; };
		FA1691FE21CC965000DFF00B /* ALTableComplexSectionController.h */ = {isa = PBXFileReference; lastKnownFileType = sourcecode.c.h; path = ALTableComplexSectionController.h; sourceTree = "<group>"; };
		FA1691FF21CC965000DFF00B /* ALTableComplexSectionController.m */ = {isa = PBXFileReference; lastKnownFileType = sourcecode.c.objc; path = ALTableComplexSectionController.m; sourceTree = "<group>"; };
		FA16920221CC965C00DFF00B /* ALTableSectionProvider.h */ = {isa = PBXFileReference; lastKnownFileType = sourcecode.c.h; path = ALTableSectionProvider.h; sourceTree = "<group>"; };
		FA16920321CC965C00DFF00B /* ALTableSectionProvider.m */ = {isa = PBXFileReference; lastKnownFileType = sourcecode.c.objc; path = ALTableSectionProvider.m; sourceTree = "<group>"; };
		FA77B38F223F7CFA006958AB /* ALTablePrivateContext.h */ = {isa = PBXFileReference; lastKnownFileType = sourcecode.c.h; path = ALTablePrivateContext.h; sourceTree = "<group>"; };
		FABA847F21D08ECB00FAA314 /* ALTableKitTests.xctest */ = {isa = PBXFileReference; explicitFileType = wrapper.cfbundle; includeInIndex = 0; path = ALTableKitTests.xctest; sourceTree = BUILT_PRODUCTS_DIR; };
		FABA848121D08ECB00FAA314 /* ALTableKitTests.m */ = {isa = PBXFileReference; lastKnownFileType = sourcecode.c.objc; path = ALTableKitTests.m; sourceTree = "<group>"; };
		FABA848321D08ECB00FAA314 /* Info.plist */ = {isa = PBXFileReference; lastKnownFileType = text.plist.xml; path = Info.plist; sourceTree = "<group>"; };
		FABC9AE8223BDE0C0046C168 /* ALTableSectionEdit.h */ = {isa = PBXFileReference; lastKnownFileType = sourcecode.c.h; path = ALTableSectionEdit.h; sourceTree = "<group>"; };
		FACFC24821CA86EF003E35C7 /* ALTableKit.framework */ = {isa = PBXFileReference; explicitFileType = wrapper.framework; includeInIndex = 0; path = ALTableKit.framework; sourceTree = BUILT_PRODUCTS_DIR; };
		FACFC24C21CA86EF003E35C7 /* Info.plist */ = {isa = PBXFileReference; lastKnownFileType = text.plist.xml; path = Info.plist; sourceTree = "<group>"; };
		FACFC25321CA87A7003E35C7 /* ALTableAdapter+HeightCache.h */ = {isa = PBXFileReference; fileEncoding = 4; lastKnownFileType = sourcecode.c.h; path = "ALTableAdapter+HeightCache.h"; sourceTree = "<group>"; };
		FACFC25421CA87A7003E35C7 /* ALTableKit.h */ = {isa = PBXFileReference; fileEncoding = 4; lastKnownFileType = sourcecode.c.h; path = ALTableKit.h; sourceTree = "<group>"; };
		FACFC25521CA87A7003E35C7 /* ALTableSectionController.m */ = {isa = PBXFileReference; fileEncoding = 4; lastKnownFileType = sourcecode.c.objc; path = ALTableSectionController.m; sourceTree = "<group>"; };
		FACFC25621CA87A7003E35C7 /* ALTableAdapterUpdater.h */ = {isa = PBXFileReference; fileEncoding = 4; lastKnownFileType = sourcecode.c.h; path = ALTableAdapterUpdater.h; sourceTree = "<group>"; };
		FACFC25721CA87A7003E35C7 /* ALTableAdapter+HeightCache.m */ = {isa = PBXFileReference; fileEncoding = 4; lastKnownFileType = sourcecode.c.objc; path = "ALTableAdapter+HeightCache.m"; sourceTree = "<group>"; };
		FACFC25821CA87A7003E35C7 /* ALTableAdapterProxy.m */ = {isa = PBXFileReference; fileEncoding = 4; lastKnownFileType = sourcecode.c.objc; path = ALTableAdapterProxy.m; sourceTree = "<group>"; };
		FACFC25921CA87A7003E35C7 /* ALTableAdapter+ALTableContext.h */ = {isa = PBXFileReference; fileEncoding = 4; lastKnownFileType = sourcecode.c.h; path = "ALTableAdapter+ALTableContext.h"; sourceTree = "<group>"; };
		FACFC25A21CA87A7003E35C7 /* ALTableAdapter.m */ = {isa = PBXFileReference; fileEncoding = 4; lastKnownFileType = sourcecode.c.objc; path = ALTableAdapter.m; sourceTree = "<group>"; };
		FACFC25B21CA87A7003E35C7 /* ALTableDelegate.h */ = {isa = PBXFileReference; fileEncoding = 4; lastKnownFileType = sourcecode.c.h; path = ALTableDelegate.h; sourceTree = "<group>"; };
		FACFC25C21CA87A7003E35C7 /* ALTableSectionMap.h */ = {isa = PBXFileReference; fileEncoding = 4; lastKnownFileType = sourcecode.c.h; path = ALTableSectionMap.h; sourceTree = "<group>"; };
		FACFC25D21CA87A7003E35C7 /* ALTableScrollDelegate.h */ = {isa = PBXFileReference; fileEncoding = 4; lastKnownFileType = sourcecode.c.h; path = ALTableScrollDelegate.h; sourceTree = "<group>"; };
		FACFC25E21CA87A7003E35C7 /* ALTableAdapterUpdater.m */ = {isa = PBXFileReference; fileEncoding = 4; lastKnownFileType = sourcecode.c.objc; path = ALTableAdapterUpdater.m; sourceTree = "<group>"; };
		FACFC25F21CA87A7003E35C7 /* ALTableDisplayDelegate.h */ = {isa = PBXFileReference; fileEncoding = 4; lastKnownFileType = sourcecode.c.h; path = ALTableDisplayDelegate.h; sourceTree = "<group>"; };
		FACFC26021CA87A7003E35C7 /* ALTableAssert.h */ = {isa = PBXFileReference; fileEncoding = 4; lastKnownFileType = sourcecode.c.h; path = ALTableAssert.h; sourceTree = "<group>"; };
		FACFC26121CA87A7003E35C7 /* ALTableAdapter+UITableView.m */ = {isa = PBXFileReference; fileEncoding = 4; lastKnownFileType = sourcecode.c.objc; path = "ALTableAdapter+UITableView.m"; sourceTree = "<group>"; };
		FACFC26221CA87A7003E35C7 /* ALTableAdapter+UITableView.h */ = {isa = PBXFileReference; fileEncoding = 4; lastKnownFileType = sourcecode.c.h; path = "ALTableAdapter+UITableView.h"; sourceTree = "<group>"; };
		FACFC26321CA87A7003E35C7 /* ALTableAdapter+ALTableContext.m */ = {isa = PBXFileReference; fileEncoding = 4; lastKnownFileType = sourcecode.c.objc; path = "ALTableAdapter+ALTableContext.m"; sourceTree = "<group>"; };
		FACFC26421CA87A7003E35C7 /* ALTableDisplayHandler.h */ = {isa = PBXFileReference; fileEncoding = 4; lastKnownFileType = sourcecode.c.h; path = ALTableDisplayHandler.h; sourceTree = "<group>"; };
		FACFC26521CA87A7003E35C7 /* ALTableDataSource.h */ = {isa = PBXFileReference; fileEncoding = 4; lastKnownFileType = sourcecode.c.h; path = ALTableDataSource.h; sourceTree = "<group>"; };
		FACFC26621CA87A7003E35C7 /* ALTableDiffable.h */ = {isa = PBXFileReference; fileEncoding = 4; lastKnownFileType = sourcecode.c.h; path = ALTableDiffable.h; sourceTree = "<group>"; };
		FACFC26721CA87A7003E35C7 /* ALTableDisplayHandler.m */ = {isa = PBXFileReference; fileEncoding = 4; lastKnownFileType = sourcecode.c.objc; path = ALTableDisplayHandler.m; sourceTree = "<group>"; };
		FACFC26821CA87A7003E35C7 /* ALTableSectionMap.m */ = {isa = PBXFileReference; fileEncoding = 4; lastKnownFileType = sourcecode.c.objc; path = ALTableSectionMap.m; sourceTree = "<group>"; };
		FACFC26921CA87A7003E35C7 /* ALTableAdapter.h */ = {isa = PBXFileReference; fileEncoding = 4; lastKnownFileType = sourcecode.c.h; path = ALTableAdapter.h; sourceTree = "<group>"; };
		FACFC26A21CA87A7003E35C7 /* ALTableContext.h */ = {isa = PBXFileReference; fileEncoding = 4; lastKnownFileType = sourcecode.c.h; path = ALTableContext.h; sourceTree = "<group>"; };
		FACFC26B21CA87A7003E35C7 /* ALTableAdapterProxy.h */ = {isa = PBXFileReference; fileEncoding = 4; lastKnownFileType = sourcecode.c.h; path = ALTableAdapterProxy.h; sourceTree = "<group>"; };
		FACFC26C21CA87A7003E35C7 /* ALTableSectionController.h */ = {isa = PBXFileReference; fileEncoding = 4; lastKnownFileType = sourcecode.c.h; path = ALTableSectionController.h; sourceTree = "<group>"; };
		FACFC26E21CA87A8003E35C7 /* ALTableSectionControllerInternal.h */ = {isa = PBXFileReference; fileEncoding = 4; lastKnownFileType = sourcecode.c.h; path = ALTableSectionControllerInternal.h; sourceTree = "<group>"; };
		FACFC26F21CA87A8003E35C7 /* ALTableAdapterInternal.h */ = {isa = PBXFileReference; fileEncoding = 4; lastKnownFileType = sourcecode.c.h; path = ALTableAdapterInternal.h; sourceTree = "<group>"; };
		FACFC2B421CA88B8003E35C7 /* ALTableKitDemo copy-Info.plist */ = {isa = PBXFileReference; lastKnownFileType = text.plist.xml; name = "ALTableKitDemo copy-Info.plist"; path = "/Users/alex/Documents/ALTableKit/ALTableKitDemo copy-Info.plist"; sourceTree = "<absolute>"; };
		FAD3CACC21CD507500119921 /* ALTableSectionProviderInternal.h */ = {isa = PBXFileReference; lastKnownFileType = sourcecode.c.h; path = ALTableSectionProviderInternal.h; sourceTree = "<group>"; };
		FAD3CB0821CD538700119921 /* ALTableHeaderFooterViewSource.h */ = {isa = PBXFileReference; lastKnownFileType = sourcecode.c.h; path = ALTableHeaderFooterViewSource.h; sourceTree = "<group>"; };
		FAD65E5D21CC9E88003B6951 /* ALTableComplexSectionControllerInternal.h */ = {isa = PBXFileReference; lastKnownFileType = sourcecode.c.h; path = ALTableComplexSectionControllerInternal.h; sourceTree = "<group>"; };
		FAD65E6121CCD15E003B6951 /* ALTableComplexSectionControllerIndexMap.h */ = {isa = PBXFileReference; lastKnownFileType = sourcecode.c.h; path = ALTableComplexSectionControllerIndexMap.h; sourceTree = "<group>"; };
		FAD65E6221CCD15E003B6951 /* ALTableComplexSectionControllerIndexMap.mm */ = {isa = PBXFileReference; lastKnownFileType = sourcecode.cpp.objcpp; path = ALTableComplexSectionControllerIndexMap.mm; sourceTree = "<group>"; };
		FAD65E6521CCD95C003B6951 /* ALTableComplexSectionController+PrivateMethods.h */ = {isa = PBXFileReference; lastKnownFileType = sourcecode.c.h; path = "ALTableComplexSectionController+PrivateMethods.h"; sourceTree = "<group>"; };
		FAD65E6621CCD95C003B6951 /* ALTableComplexSectionController+PrivateMethods.m */ = {isa = PBXFileReference; lastKnownFileType = sourcecode.c.objc; path = "ALTableComplexSectionController+PrivateMethods.m"; sourceTree = "<group>"; };
		FAD65E6921CCDB0F003B6951 /* ALTableSectionController+PrivateMethods.h */ = {isa = PBXFileReference; lastKnownFileType = sourcecode.c.h; path = "ALTableSectionController+PrivateMethods.h"; sourceTree = "<group>"; };
		FAD65E6A21CCDB0F003B6951 /* ALTableSectionController+PrivateMethods.m */ = {isa = PBXFileReference; lastKnownFileType = sourcecode.c.objc; path = "ALTableSectionController+PrivateMethods.m"; sourceTree = "<group>"; };
/* End PBXFileReference section */

/* Begin PBXFrameworksBuildPhase section */
		FABA847C21D08ECB00FAA314 /* Frameworks */ = {
			isa = PBXFrameworksBuildPhase;
			buildActionMask = 2147483647;
			files = (
				FABA848421D08ECB00FAA314 /* ALTableKit.framework in Frameworks */,
			);
			runOnlyForDeploymentPostprocessing = 0;
		};
		FACFC24521CA86EF003E35C7 /* Frameworks */ = {
			isa = PBXFrameworksBuildPhase;
			buildActionMask = 2147483647;
			files = (
			);
			runOnlyForDeploymentPostprocessing = 0;
		};
/* End PBXFrameworksBuildPhase section */

/* Begin PBXGroup section */
		40298C2737900EE1B9B78F82 /* Pods */ = {
			isa = PBXGroup;
			children = (
				2D8BF01BA5CD0C5AED14F1D9 /* Pods-ALTableKitTests.debug.xcconfig */,
				5D597FD3845D0FE3A93867E7 /* Pods-ALTableKitTests.release.xcconfig */,
			);
			name = Pods;
			sourceTree = "<group>";
		};
		A428FBFD7A0A7356D3616865 /* Frameworks */ = {
			isa = PBXGroup;
			children = (
				1EA50DF0B1AA60420247EAF6 /* Pods_ALTableKitTests.framework */,
			);
			name = Frameworks;
			sourceTree = "<group>";
		};
		FABA848021D08ECB00FAA314 /* ALTableKitTests */ = {
			isa = PBXGroup;
			children = (
				FABA848121D08ECB00FAA314 /* ALTableKitTests.m */,
				FABA848321D08ECB00FAA314 /* Info.plist */,
			);
			path = ALTableKitTests;
			sourceTree = "<group>";
		};
		FACFC23E21CA86EF003E35C7 = {
			isa = PBXGroup;
			children = (
				FACFC24A21CA86EF003E35C7 /* ALTableKit */,
				FABA848021D08ECB00FAA314 /* ALTableKitTests */,
				FACFC24921CA86EF003E35C7 /* Products */,
				FACFC2B421CA88B8003E35C7 /* ALTableKitDemo copy-Info.plist */,
				40298C2737900EE1B9B78F82 /* Pods */,
				A428FBFD7A0A7356D3616865 /* Frameworks */,
			);
			sourceTree = "<group>";
		};
		FACFC24921CA86EF003E35C7 /* Products */ = {
			isa = PBXGroup;
			children = (
				FACFC24821CA86EF003E35C7 /* ALTableKit.framework */,
				FABA847F21D08ECB00FAA314 /* ALTableKitTests.xctest */,
			);
			name = Products;
			sourceTree = "<group>";
		};
		FACFC24A21CA86EF003E35C7 /* ALTableKit */ = {
			isa = PBXGroup;
			children = (
				FACFC25421CA87A7003E35C7 /* ALTableKit.h */,
				FACFC26921CA87A7003E35C7 /* ALTableAdapter.h */,
				FACFC25A21CA87A7003E35C7 /* ALTableAdapter.m */,
				FACFC25C21CA87A7003E35C7 /* ALTableSectionMap.h */,
				FACFC26821CA87A7003E35C7 /* ALTableSectionMap.m */,
				FACFC25921CA87A7003E35C7 /* ALTableAdapter+ALTableContext.h */,
				FACFC26321CA87A7003E35C7 /* ALTableAdapter+ALTableContext.m */,
				FACFC25321CA87A7003E35C7 /* ALTableAdapter+HeightCache.h */,
				FACFC25721CA87A7003E35C7 /* ALTableAdapter+HeightCache.m */,
				FACFC26221CA87A7003E35C7 /* ALTableAdapter+UITableView.h */,
				FACFC26121CA87A7003E35C7 /* ALTableAdapter+UITableView.m */,
				FACFC26B21CA87A7003E35C7 /* ALTableAdapterProxy.h */,
				FACFC25821CA87A7003E35C7 /* ALTableAdapterProxy.m */,
				FACFC25621CA87A7003E35C7 /* ALTableAdapterUpdater.h */,
				FACFC25E21CA87A7003E35C7 /* ALTableAdapterUpdater.m */,
				FACFC26021CA87A7003E35C7 /* ALTableAssert.h */,
				FACFC26A21CA87A7003E35C7 /* ALTableContext.h */,
				FACFC26521CA87A7003E35C7 /* ALTableDataSource.h */,
				FACFC25B21CA87A7003E35C7 /* ALTableDelegate.h */,
				FACFC26621CA87A7003E35C7 /* ALTableDiffable.h */,
				FACFC25F21CA87A7003E35C7 /* ALTableDisplayDelegate.h */,
				FACFC26421CA87A7003E35C7 /* ALTableDisplayHandler.h */,
				FACFC26721CA87A7003E35C7 /* ALTableDisplayHandler.m */,
				FACFC25D21CA87A7003E35C7 /* ALTableScrollDelegate.h */,
				FAD3CB0821CD538700119921 /* ALTableHeaderFooterViewSource.h */,
				FABC9AE8223BDE0C0046C168 /* ALTableSectionEdit.h */,
				FACFC26C21CA87A7003E35C7 /* ALTableSectionController.h */,
				FACFC25521CA87A7003E35C7 /* ALTableSectionController.m */,
				FAD65E6921CCDB0F003B6951 /* ALTableSectionController+PrivateMethods.h */,
				FAD65E6A21CCDB0F003B6951 /* ALTableSectionController+PrivateMethods.m */,
				FA16920221CC965C00DFF00B /* ALTableSectionProvider.h */,
				FA16920321CC965C00DFF00B /* ALTableSectionProvider.m */,
				FA1691FE21CC965000DFF00B /* ALTableComplexSectionController.h */,
				FA1691FF21CC965000DFF00B /* ALTableComplexSectionController.m */,
				FAD65E6521CCD95C003B6951 /* ALTableComplexSectionController+PrivateMethods.h */,
				FAD65E6621CCD95C003B6951 /* ALTableComplexSectionController+PrivateMethods.m */,
				FAD65E6121CCD15E003B6951 /* ALTableComplexSectionControllerIndexMap.h */,
				FAD65E6221CCD15E003B6951 /* ALTableComplexSectionControllerIndexMap.mm */,
				FACFC24C21CA86EF003E35C7 /* Info.plist */,
				FACFC26D21CA87A8003E35C7 /* ALTableKitInternal */,
			);
			path = ALTableKit;
			sourceTree = "<group>";
		};
		FACFC26D21CA87A8003E35C7 /* ALTableKitInternal */ = {
			isa = PBXGroup;
			children = (
				FA77B38F223F7CFA006958AB /* ALTablePrivateContext.h */,
				FACFC26E21CA87A8003E35C7 /* ALTableSectionControllerInternal.h */,
				FAD65E5D21CC9E88003B6951 /* ALTableComplexSectionControllerInternal.h */,
				FAD3CACC21CD507500119921 /* ALTableSectionProviderInternal.h */,
				FACFC26F21CA87A8003E35C7 /* ALTableAdapterInternal.h */,
			);
			path = ALTableKitInternal;
			sourceTree = "<group>";
		};
/* End PBXGroup section */

/* Begin PBXHeadersBuildPhase section */
		FACFC24321CA86EF003E35C7 /* Headers */ = {
			isa = PBXHeadersBuildPhase;
			buildActionMask = 2147483647;
			files = (
				FACFC27321CA87A8003E35C7 /* ALTableAdapterUpdater.h in Headers */,
				FACFC28721CA87A8003E35C7 /* ALTableContext.h in Headers */,
				FA16920021CC965000DFF00B /* ALTableComplexSectionController.h in Headers */,
				FA16920421CC965C00DFF00B /* ALTableSectionProvider.h in Headers */,
				FACFC27A21CA87A8003E35C7 /* ALTableScrollDelegate.h in Headers */,
				FACFC27C21CA87A8003E35C7 /* ALTableDisplayDelegate.h in Headers */,
				FACFC28221CA87A8003E35C7 /* ALTableDataSource.h in Headers */,
				FACFC27821CA87A8003E35C7 /* ALTableDelegate.h in Headers */,
				FACFC28921CA87A8003E35C7 /* ALTableSectionController.h in Headers */,
				FAD3CB0A21CD538700119921 /* ALTableHeaderFooterViewSource.h in Headers */,
				FACFC28321CA87A8003E35C7 /* ALTableDiffable.h in Headers */,
				FACFC28621CA87A8003E35C7 /* ALTableAdapter.h in Headers */,
				FACFC27121CA87A8003E35C7 /* ALTableKit.h in Headers */,
				FACFC27621CA87A8003E35C7 /* ALTableAdapter+ALTableContext.h in Headers */,
				FABC9AEA223BDE0C0046C168 /* ALTableSectionEdit.h in Headers */,
				FACFC28B21CA87A8003E35C7 /* ALTableAdapterInternal.h in Headers */,
				FAD65E6321CCD15E003B6951 /* ALTableComplexSectionControllerIndexMap.h in Headers */,
				FAD65E5F21CC9E88003B6951 /* ALTableComplexSectionControllerInternal.h in Headers */,
				FACFC27021CA87A8003E35C7 /* ALTableAdapter+HeightCache.h in Headers */,
				FAD65E6721CCD95C003B6951 /* ALTableComplexSectionController+PrivateMethods.h in Headers */,
				FA77B391223F7CFA006958AB /* ALTablePrivateContext.h in Headers */,
				FACFC28821CA87A8003E35C7 /* ALTableAdapterProxy.h in Headers */,
				FACFC27921CA87A8003E35C7 /* ALTableSectionMap.h in Headers */,
				FACFC27F21CA87A8003E35C7 /* ALTableAdapter+UITableView.h in Headers */,
				FACFC28A21CA87A8003E35C7 /* ALTableSectionControllerInternal.h in Headers */,
				FACFC27D21CA87A8003E35C7 /* ALTableAssert.h in Headers */,
				FAD3CACE21CD507500119921 /* ALTableSectionProviderInternal.h in Headers */,
				FACFC28121CA87A8003E35C7 /* ALTableDisplayHandler.h in Headers */,
				FAD65E6B21CCDB0F003B6951 /* ALTableSectionController+PrivateMethods.h in Headers */,
			);
			runOnlyForDeploymentPostprocessing = 0;
		};
/* End PBXHeadersBuildPhase section */

/* Begin PBXNativeTarget section */
		FABA847E21D08ECB00FAA314 /* ALTableKitTests */ = {
			isa = PBXNativeTarget;
			buildConfigurationList = FABA848721D08ECB00FAA314 /* Build configuration list for PBXNativeTarget "ALTableKitTests" */;
			buildPhases = (
				FABA847B21D08ECB00FAA314 /* Sources */,
				FABA847C21D08ECB00FAA314 /* Frameworks */,
				FABA847D21D08ECB00FAA314 /* Resources */,
			);
			buildRules = (
			);
			dependencies = (
				FABA848621D08ECB00FAA314 /* PBXTargetDependency */,
			);
			name = ALTableKitTests;
			productName = ALTableKitTests;
			productReference = FABA847F21D08ECB00FAA314 /* ALTableKitTests.xctest */;
			productType = "com.apple.product-type.bundle.unit-test";
		};
		FACFC24721CA86EF003E35C7 /* ALTableKit */ = {
			isa = PBXNativeTarget;
			buildConfigurationList = FACFC25021CA86EF003E35C7 /* Build configuration list for PBXNativeTarget "ALTableKit" */;
			buildPhases = (
				FACFC24321CA86EF003E35C7 /* Headers */,
				FACFC24421CA86EF003E35C7 /* Sources */,
				FACFC24521CA86EF003E35C7 /* Frameworks */,
				FACFC24621CA86EF003E35C7 /* Resources */,
			);
			buildRules = (
			);
			dependencies = (
			);
			name = ALTableKit;
			productName = ALTableKit;
			productReference = FACFC24821CA86EF003E35C7 /* ALTableKit.framework */;
			productType = "com.apple.product-type.framework";
		};
/* End PBXNativeTarget section */

/* Begin PBXProject section */
		FACFC23F21CA86EF003E35C7 /* Project object */ = {
			isa = PBXProject;
			attributes = {
				LastUpgradeCheck = 1010;
				ORGANIZATIONNAME = Alex;
				TargetAttributes = {
					FABA847E21D08ECB00FAA314 = {
						CreatedOnToolsVersion = 10.1;
					};
					FACFC24721CA86EF003E35C7 = {
						CreatedOnToolsVersion = 10.1;
					};
				};
			};
			buildConfigurationList = FACFC24221CA86EF003E35C7 /* Build configuration list for PBXProject "ALTableKit" */;
			compatibilityVersion = "Xcode 9.3";
			developmentRegion = en;
			hasScannedForEncodings = 0;
			knownRegions = (
				en,
				Base,
			);
			mainGroup = FACFC23E21CA86EF003E35C7;
			productRefGroup = FACFC24921CA86EF003E35C7 /* Products */;
			projectDirPath = "";
			projectRoot = "";
			targets = (
				FACFC24721CA86EF003E35C7 /* ALTableKit */,
				FABA847E21D08ECB00FAA314 /* ALTableKitTests */,
			);
		};
/* End PBXProject section */

/* Begin PBXResourcesBuildPhase section */
		FABA847D21D08ECB00FAA314 /* Resources */ = {
			isa = PBXResourcesBuildPhase;
			buildActionMask = 2147483647;
			files = (
			);
			runOnlyForDeploymentPostprocessing = 0;
		};
		FACFC24621CA86EF003E35C7 /* Resources */ = {
			isa = PBXResourcesBuildPhase;
			buildActionMask = 2147483647;
			files = (
			);
			runOnlyForDeploymentPostprocessing = 0;
		};
/* End PBXResourcesBuildPhase section */

/* Begin PBXSourcesBuildPhase section */
		FABA847B21D08ECB00FAA314 /* Sources */ = {
			isa = PBXSourcesBuildPhase;
			buildActionMask = 2147483647;
			files = (
				FABA848221D08ECB00FAA314 /* ALTableKitTests.m in Sources */,
			);
			runOnlyForDeploymentPostprocessing = 0;
		};
		FACFC24421CA86EF003E35C7 /* Sources */ = {
			isa = PBXSourcesBuildPhase;
			buildActionMask = 2147483647;
			files = (
				FAD65E6C21CCDB0F003B6951 /* ALTableSectionController+PrivateMethods.m in Sources */,
				FACFC28521CA87A8003E35C7 /* ALTableSectionMap.m in Sources */,
				FA16920521CC965C00DFF00B /* ALTableSectionProvider.m in Sources */,
				FACFC27221CA87A8003E35C7 /* ALTableSectionController.m in Sources */,
				FAD65E6821CCD95C003B6951 /* ALTableComplexSectionController+PrivateMethods.m in Sources */,
				FA16920121CC965000DFF00B /* ALTableComplexSectionController.m in Sources */,
				FACFC27721CA87A8003E35C7 /* ALTableAdapter.m in Sources */,
				FACFC27B21CA87A8003E35C7 /* ALTableAdapterUpdater.m in Sources */,
				FACFC28421CA87A8003E35C7 /* ALTableDisplayHandler.m in Sources */,
				FACFC28021CA87A8003E35C7 /* ALTableAdapter+ALTableContext.m in Sources */,
				FAD65E6421CCD15E003B6951 /* ALTableComplexSectionControllerIndexMap.mm in Sources */,
				FACFC27421CA87A8003E35C7 /* ALTableAdapter+HeightCache.m in Sources */,
				FACFC27521CA87A8003E35C7 /* ALTableAdapterProxy.m in Sources */,
				FACFC27E21CA87A8003E35C7 /* ALTableAdapter+UITableView.m in Sources */,
			);
			runOnlyForDeploymentPostprocessing = 0;
		};
/* End PBXSourcesBuildPhase section */

/* Begin PBXTargetDependency section */
		FABA848621D08ECB00FAA314 /* PBXTargetDependency */ = {
			isa = PBXTargetDependency;
			target = FACFC24721CA86EF003E35C7 /* ALTableKit */;
			targetProxy = FABA848521D08ECB00FAA314 /* PBXContainerItemProxy */;
		};
/* End PBXTargetDependency section */

/* Begin XCBuildConfiguration section */
		FABA848821D08ECB00FAA314 /* Debug */ = {
			isa = XCBuildConfiguration;
			buildSettings = {
				CODE_SIGN_STYLE = Automatic;
				INFOPLIST_FILE = ALTableKitTests/Info.plist;
				IPHONEOS_DEPLOYMENT_TARGET = 12.1;
				LD_RUNPATH_SEARCH_PATHS = (
					"$(inherited)",
					"@executable_path/Frameworks",
					"@loader_path/Frameworks",
				);
				PRODUCT_BUNDLE_IDENTIFIER = com.alex.altablekit.tests.ALTableKitTests;
				PRODUCT_NAME = "$(TARGET_NAME)";
				TARGETED_DEVICE_FAMILY = "1,2";
			};
			name = Debug;
		};
		FABA848921D08ECB00FAA314 /* Release */ = {
			isa = XCBuildConfiguration;
			buildSettings = {
				CODE_SIGN_STYLE = Automatic;
				INFOPLIST_FILE = ALTableKitTests/Info.plist;
				IPHONEOS_DEPLOYMENT_TARGET = 12.1;
				LD_RUNPATH_SEARCH_PATHS = (
					"$(inherited)",
					"@executable_path/Frameworks",
					"@loader_path/Frameworks",
				);
				PRODUCT_BUNDLE_IDENTIFIER = com.alex.altablekit.tests.ALTableKitTests;
				PRODUCT_NAME = "$(TARGET_NAME)";
				TARGETED_DEVICE_FAMILY = "1,2";
			};
			name = Release;
		};
		FACFC24E21CA86EF003E35C7 /* Debug */ = {
			isa = XCBuildConfiguration;
			buildSettings = {
				ALWAYS_SEARCH_USER_PATHS = NO;
				CLANG_ANALYZER_NONNULL = YES;
				CLANG_ANALYZER_NUMBER_OBJECT_CONVERSION = YES_AGGRESSIVE;
				CLANG_CXX_LANGUAGE_STANDARD = "gnu++14";
				CLANG_CXX_LIBRARY = "libc++";
				CLANG_ENABLE_MODULES = YES;
				CLANG_ENABLE_OBJC_ARC = YES;
				CLANG_ENABLE_OBJC_WEAK = YES;
				CLANG_WARN_BLOCK_CAPTURE_AUTORELEASING = YES;
				CLANG_WARN_BOOL_CONVERSION = YES;
				CLANG_WARN_COMMA = YES;
				CLANG_WARN_CONSTANT_CONVERSION = YES;
				CLANG_WARN_DEPRECATED_OBJC_IMPLEMENTATIONS = YES;
				CLANG_WARN_DIRECT_OBJC_ISA_USAGE = YES_ERROR;
				CLANG_WARN_DOCUMENTATION_COMMENTS = YES;
				CLANG_WARN_EMPTY_BODY = YES;
				CLANG_WARN_ENUM_CONVERSION = YES;
				CLANG_WARN_INFINITE_RECURSION = YES;
				CLANG_WARN_INT_CONVERSION = YES;
				CLANG_WARN_NON_LITERAL_NULL_CONVERSION = YES;
				CLANG_WARN_OBJC_IMPLICIT_RETAIN_SELF = YES;
				CLANG_WARN_OBJC_LITERAL_CONVERSION = YES;
				CLANG_WARN_OBJC_ROOT_CLASS = YES_ERROR;
				CLANG_WARN_RANGE_LOOP_ANALYSIS = YES;
				CLANG_WARN_STRICT_PROTOTYPES = YES;
				CLANG_WARN_SUSPICIOUS_MOVE = YES;
				CLANG_WARN_UNGUARDED_AVAILABILITY = YES_AGGRESSIVE;
				CLANG_WARN_UNREACHABLE_CODE = YES;
				CLANG_WARN__DUPLICATE_METHOD_MATCH = YES;
				CODE_SIGN_IDENTITY = "iPhone Developer";
				COPY_PHASE_STRIP = NO;
				CURRENT_PROJECT_VERSION = 1;
				DEBUG_INFORMATION_FORMAT = dwarf;
				ENABLE_STRICT_OBJC_MSGSEND = YES;
				ENABLE_TESTABILITY = YES;
				GCC_C_LANGUAGE_STANDARD = gnu11;
				GCC_DYNAMIC_NO_PIC = NO;
				GCC_NO_COMMON_BLOCKS = YES;
				GCC_OPTIMIZATION_LEVEL = 0;
				GCC_PREPROCESSOR_DEFINITIONS = (
					"DEBUG=1",
					"$(inherited)",
				);
				GCC_WARN_64_TO_32_BIT_CONVERSION = YES;
				GCC_WARN_ABOUT_RETURN_TYPE = YES_ERROR;
				GCC_WARN_UNDECLARED_SELECTOR = YES;
				GCC_WARN_UNINITIALIZED_AUTOS = YES_AGGRESSIVE;
				GCC_WARN_UNUSED_FUNCTION = YES;
				GCC_WARN_UNUSED_VARIABLE = YES;
				IPHONEOS_DEPLOYMENT_TARGET = 8.0;
				MTL_ENABLE_DEBUG_INFO = INCLUDE_SOURCE;
				MTL_FAST_MATH = YES;
				ONLY_ACTIVE_ARCH = YES;
				SDKROOT = iphoneos;
				VERSIONING_SYSTEM = "apple-generic";
				VERSION_INFO_PREFIX = "";
			};
			name = Debug;
		};
		FACFC24F21CA86EF003E35C7 /* Release */ = {
			isa = XCBuildConfiguration;
			buildSettings = {
				ALWAYS_SEARCH_USER_PATHS = NO;
				CLANG_ANALYZER_NONNULL = YES;
				CLANG_ANALYZER_NUMBER_OBJECT_CONVERSION = YES_AGGRESSIVE;
				CLANG_CXX_LANGUAGE_STANDARD = "gnu++14";
				CLANG_CXX_LIBRARY = "libc++";
				CLANG_ENABLE_MODULES = YES;
				CLANG_ENABLE_OBJC_ARC = YES;
				CLANG_ENABLE_OBJC_WEAK = YES;
				CLANG_WARN_BLOCK_CAPTURE_AUTORELEASING = YES;
				CLANG_WARN_BOOL_CONVERSION = YES;
				CLANG_WARN_COMMA = YES;
				CLANG_WARN_CONSTANT_CONVERSION = YES;
				CLANG_WARN_DEPRECATED_OBJC_IMPLEMENTATIONS = YES;
				CLANG_WARN_DIRECT_OBJC_ISA_USAGE = YES_ERROR;
				CLANG_WARN_DOCUMENTATION_COMMENTS = YES;
				CLANG_WARN_EMPTY_BODY = YES;
				CLANG_WARN_ENUM_CONVERSION = YES;
				CLANG_WARN_INFINITE_RECURSION = YES;
				CLANG_WARN_INT_CONVERSION = YES;
				CLANG_WARN_NON_LITERAL_NULL_CONVERSION = YES;
				CLANG_WARN_OBJC_IMPLICIT_RETAIN_SELF = YES;
				CLANG_WARN_OBJC_LITERAL_CONVERSION = YES;
				CLANG_WARN_OBJC_ROOT_CLASS = YES_ERROR;
				CLANG_WARN_RANGE_LOOP_ANALYSIS = YES;
				CLANG_WARN_STRICT_PROTOTYPES = YES;
				CLANG_WARN_SUSPICIOUS_MOVE = YES;
				CLANG_WARN_UNGUARDED_AVAILABILITY = YES_AGGRESSIVE;
				CLANG_WARN_UNREACHABLE_CODE = YES;
				CLANG_WARN__DUPLICATE_METHOD_MATCH = YES;
				CODE_SIGN_IDENTITY = "iPhone Developer";
				COPY_PHASE_STRIP = NO;
				CURRENT_PROJECT_VERSION = 1;
				DEBUG_INFORMATION_FORMAT = "dwarf-with-dsym";
				ENABLE_NS_ASSERTIONS = NO;
				ENABLE_STRICT_OBJC_MSGSEND = YES;
				GCC_C_LANGUAGE_STANDARD = gnu11;
				GCC_NO_COMMON_BLOCKS = YES;
				GCC_WARN_64_TO_32_BIT_CONVERSION = YES;
				GCC_WARN_ABOUT_RETURN_TYPE = YES_ERROR;
				GCC_WARN_UNDECLARED_SELECTOR = YES;
				GCC_WARN_UNINITIALIZED_AUTOS = YES_AGGRESSIVE;
				GCC_WARN_UNUSED_FUNCTION = YES;
				GCC_WARN_UNUSED_VARIABLE = YES;
				IPHONEOS_DEPLOYMENT_TARGET = 8.0;
				MTL_ENABLE_DEBUG_INFO = NO;
				MTL_FAST_MATH = YES;
				SDKROOT = iphoneos;
				VALIDATE_PRODUCT = YES;
				VERSIONING_SYSTEM = "apple-generic";
				VERSION_INFO_PREFIX = "";
			};
			name = Release;
		};
		FACFC25121CA86EF003E35C7 /* Debug */ = {
			isa = XCBuildConfiguration;
			buildSettings = {
				CODE_SIGN_IDENTITY = "";
				CODE_SIGN_STYLE = Automatic;
				DEFINES_MODULE = YES;
				DYLIB_COMPATIBILITY_VERSION = 1;
				DYLIB_CURRENT_VERSION = 1;
				DYLIB_INSTALL_NAME_BASE = "@rpath";
				INFOPLIST_FILE = ALTableKit/Info.plist;
				INSTALL_PATH = "$(LOCAL_LIBRARY_DIR)/Frameworks";
				LD_RUNPATH_SEARCH_PATHS = (
					"$(inherited)",
					"@executable_path/Frameworks",
					"@loader_path/Frameworks",
				);
				OTHER_LDFLAGS = "-all_load";
				PRODUCT_BUNDLE_IDENTIFIER = com.alex.altablekit.ALTableKit;
				PRODUCT_NAME = "$(TARGET_NAME:c99extidentifier)";
				SKIP_INSTALL = YES;
				TARGETED_DEVICE_FAMILY = "1,2";
			};
			name = Debug;
		};
		FACFC25221CA86EF003E35C7 /* Release */ = {
			isa = XCBuildConfiguration;
			buildSettings = {
				CODE_SIGN_IDENTITY = "";
				CODE_SIGN_STYLE = Automatic;
				DEFINES_MODULE = YES;
				DYLIB_COMPATIBILITY_VERSION = 1;
				DYLIB_CURRENT_VERSION = 1;
				DYLIB_INSTALL_NAME_BASE = "@rpath";
				INFOPLIST_FILE = ALTableKit/Info.plist;
				INSTALL_PATH = "$(LOCAL_LIBRARY_DIR)/Frameworks";
				LD_RUNPATH_SEARCH_PATHS = (
					"$(inherited)",
					"@executable_path/Frameworks",
					"@loader_path/Frameworks",
				);
				OTHER_LDFLAGS = "-all_load";
				PRODUCT_BUNDLE_IDENTIFIER = com.alex.altablekit.ALTableKit;
				PRODUCT_NAME = "$(TARGET_NAME:c99extidentifier)";
				SKIP_INSTALL = YES;
				TARGETED_DEVICE_FAMILY = "1,2";
			};
			name = Release;
		};
/* End XCBuildConfiguration section */

/* Begin XCConfigurationList section */
		FABA848721D08ECB00FAA314 /* Build configuration list for PBXNativeTarget "ALTableKitTests" */ = {
			isa = XCConfigurationList;
			buildConfigurations = (
				FABA848821D08ECB00FAA314 /* Debug */,
				FABA848921D08ECB00FAA314 /* Release */,
			);
			defaultConfigurationIsVisible = 0;
			defaultConfigurationName = Release;
		};
		FACFC24221CA86EF003E35C7 /* Build configuration list for PBXProject "ALTableKit" */ = {
			isa = XCConfigurationList;
			buildConfigurations = (
				FACFC24E21CA86EF003E35C7 /* Debug */,
				FACFC24F21CA86EF003E35C7 /* Release */,
			);
			defaultConfigurationIsVisible = 0;
			defaultConfigurationName = Release;
		};
		FACFC25021CA86EF003E35C7 /* Build configuration list for PBXNativeTarget "ALTableKit" */ = {
			isa = XCConfigurationList;
			buildConfigurations = (
				FACFC25121CA86EF003E35C7 /* Debug */,
				FACFC25221CA86EF003E35C7 /* Release */,
			);
			defaultConfigurationIsVisible = 0;
			defaultConfigurationName = Release;
		};
/* End XCConfigurationList section */
	};
	rootObject = FACFC23F21CA86EF003E35C7 /* Project object */;
}
